// !$*UTF8*$!
{
	archiveVersion = 1;
	classes = {
	};
	objectVersion = 46;
	objects = {

/* Begin PBXBuildFile section */
		0441F8961ED80DD800AE4A9B /* main.m in Sources */ = {isa = PBXBuildFile; fileRef = 0441F8951ED80DD800AE4A9B /* main.m */; };
		0441F8991ED80DD800AE4A9B /* AppDelegate.m in Sources */ = {isa = PBXBuildFile; fileRef = 0441F8981ED80DD800AE4A9B /* AppDelegate.m */; };
		0441F89C1ED80DD800AE4A9B /* ViewController.m in Sources */ = {isa = PBXBuildFile; fileRef = 0441F89B1ED80DD800AE4A9B /* ViewController.m */; };
		0441F89F1ED80DD800AE4A9B /* Main.storyboard in Resources */ = {isa = PBXBuildFile; fileRef = 0441F89D1ED80DD800AE4A9B /* Main.storyboard */; };
		0441F8A11ED80DD800AE4A9B /* Assets.xcassets in Resources */ = {isa = PBXBuildFile; fileRef = 0441F8A01ED80DD800AE4A9B /* Assets.xcassets */; };
		0441F8A41ED80DD800AE4A9B /* LaunchScreen.storyboard in Resources */ = {isa = PBXBuildFile; fileRef = 0441F8A21ED80DD800AE4A9B /* LaunchScreen.storyboard */; };
		0441F8AF1ED80DD800AE4A9B /* CFProtocolDispatcherDemoTests.m in Sources */ = {isa = PBXBuildFile; fileRef = 0441F8AE1ED80DD800AE4A9B /* CFProtocolDispatcherDemoTests.m */; };
		0441F8BA1ED80DD800AE4A9B /* CFProtocolDispatcherDemoUITests.m in Sources */ = {isa = PBXBuildFile; fileRef = 0441F8B91ED80DD800AE4A9B /* CFProtocolDispatcherDemoUITests.m */; };
/* End PBXBuildFile section */

/* Begin PBXContainerItemProxy section */
		0441F8AB1ED80DD800AE4A9B /* PBXContainerItemProxy */ = {
			isa = PBXContainerItemProxy;
			containerPortal = 0441F8891ED80DD800AE4A9B /* Project object */;
			proxyType = 1;
			remoteGlobalIDString = 0441F8901ED80DD800AE4A9B;
			remoteInfo = CFProtocolDispatcherDemo;
		};
		0441F8B61ED80DD800AE4A9B /* PBXContainerItemProxy */ = {
			isa = PBXContainerItemProxy;
			containerPortal = 0441F8891ED80DD800AE4A9B /* Project object */;
			proxyType = 1;
			remoteGlobalIDString = 0441F8901ED80DD800AE4A9B;
			remoteInfo = CFProtocolDispatcherDemo;
		};
/* End PBXContainerItemProxy section */

/* Begin PBXFileReference section */
		0441F8911ED80DD800AE4A9B /* CFProtocolDispatcherDemo.app */ = {isa = PBXFileReference; explicitFileType = wrapper.application; includeInIndex = 0; path = CFProtocolDispatcherDemo.app; sourceTree = BUILT_PRODUCTS_DIR; };
		0441F8951ED80DD800AE4A9B /* main.m */ = {isa = PBXFileReference; lastKnownFileType = sourcecode.c.objc; path = main.m; sourceTree = "<group>"; };
		0441F8971ED80DD800AE4A9B /* AppDelegate.h */ = {isa = PBXFileReference; lastKnownFileType = sourcecode.c.h; path = AppDelegate.h; sourceTree = "<group>"; };
		0441F8981ED80DD800AE4A9B /* AppDelegate.m */ = {isa = PBXFileReference; lastKnownFileType = sourcecode.c.objc; path = AppDelegate.m; sourceTree = "<group>"; };
		0441F89A1ED80DD800AE4A9B /* ViewController.h */ = {isa = PBXFileReference; lastKnownFileType = sourcecode.c.h; path = ViewController.h; sourceTree = "<group>"; };
		0441F89B1ED80DD800AE4A9B /* ViewController.m */ = {isa = PBXFileReference; lastKnownFileType = sourcecode.c.objc; path = ViewController.m; sourceTree = "<group>"; };
		0441F89E1ED80DD800AE4A9B /* Base */ = {isa = PBXFileReference; lastKnownFileType = file.storyboard; name = Base; path = Base.lproj/Main.storyboard; sourceTree = "<group>"; };
		0441F8A01ED80DD800AE4A9B /* Assets.xcassets */ = {isa = PBXFileReference; lastKnownFileType = folder.assetcatalog; path = Assets.xcassets; sourceTree = "<group>"; };
		0441F8A31ED80DD800AE4A9B /* Base */ = {isa = PBXFileReference; lastKnownFileType = file.storyboard; name = Base; path = Base.lproj/LaunchScreen.storyboard; sourceTree = "<group>"; };
		0441F8A51ED80DD800AE4A9B /* Info.plist */ = {isa = PBXFileReference; lastKnownFileType = text.plist.xml; path = Info.plist; sourceTree = "<group>"; };
		0441F8AA1ED80DD800AE4A9B /* CFProtocolDispatcherDemoTests.xctest */ = {isa = PBXFileReference; explicitFileType = wrapper.cfbundle; includeInIndex = 0; path = CFProtocolDispatcherDemoTests.xctest; sourceTree = BUILT_PRODUCTS_DIR; };
		0441F8AE1ED80DD800AE4A9B /* CFProtocolDispatcherDemoTests.m */ = {isa = PBXFileReference; lastKnownFileType = sourcecode.c.objc; path = CFProtocolDispatcherDemoTests.m; sourceTree = "<group>"; };
		0441F8B01ED80DD800AE4A9B /* Info.plist */ = {isa = PBXFileReference; lastKnownFileType = text.plist.xml; path = Info.plist; sourceTree = "<group>"; };
		0441F8B51ED80DD800AE4A9B /* CFProtocolDispatcherDemoUITests.xctest */ = {isa = PBXFileReference; explicitFileType = wrapper.cfbundle; includeInIndex = 0; path = CFProtocolDispatcherDemoUITests.xctest; sourceTree = BUILT_PRODUCTS_DIR; };
		0441F8B91ED80DD800AE4A9B /* CFProtocolDispatcherDemoUITests.m */ = {isa = PBXFileReference; lastKnownFileType = sourcecode.c.objc; path = CFProtocolDispatcherDemoUITests.m; sourceTree = "<group>"; };
		0441F8BB1ED80DD800AE4A9B /* Info.plist */ = {isa = PBXFileReference; lastKnownFileType = text.plist.xml; path = Info.plist; sourceTree = "<group>"; };
/* End PBXFileReference section */

/* Begin PBXFrameworksBuildPhase section */
		0441F88E1ED80DD800AE4A9B /* Frameworks */ = {
			isa = PBXFrameworksBuildPhase;
			buildActionMask = 2147483647;
			files = (
			);
			runOnlyForDeploymentPostprocessing = 0;
		};
		0441F8A71ED80DD800AE4A9B /* Frameworks */ = {
			isa = PBXFrameworksBuildPhase;
			buildActionMask = 2147483647;
			files = (
			);
			runOnlyForDeploymentPostprocessing = 0;
		};
		0441F8B21ED80DD800AE4A9B /* Frameworks */ = {
			isa = PBXFrameworksBuildPhase;
			buildActionMask = 2147483647;
			files = (
			);
			runOnlyForDeploymentPostprocessing = 0;
		};
/* End PBXFrameworksBuildPhase section */

/* Begin PBXGroup section */
		0441F8881ED80DD800AE4A9B = {
			isa = PBXGroup;
			children = (
				0441F8931ED80DD800AE4A9B /* CFProtocolDispatcherDemo */,
				0441F8AD1ED80DD800AE4A9B /* CFProtocolDispatcherDemoTests */,
				0441F8B81ED80DD800AE4A9B /* CFProtocolDispatcherDemoUITests */,
				0441F8921ED80DD800AE4A9B /* Products */,
			);
			sourceTree = "<group>";
		};
		0441F8921ED80DD800AE4A9B /* Products */ = {
			isa = PBXGroup;
			children = (
				0441F8911ED80DD800AE4A9B /* CFProtocolDispatcherDemo.app */,
				0441F8AA1ED80DD800AE4A9B /* CFProtocolDispatcherDemoTests.xctest */,
				0441F8B51ED80DD800AE4A9B /* CFProtocolDispatcherDemoUITests.xctest */,
			);
			name = Products;
			sourceTree = "<group>";
		};
		0441F8931ED80DD800AE4A9B /* CFProtocolDispatcherDemo */ = {
			isa = PBXGroup;
			children = (
				0441F8971ED80DD800AE4A9B /* AppDelegate.h */,
				0441F8981ED80DD800AE4A9B /* AppDelegate.m */,
				0441F89A1ED80DD800AE4A9B /* ViewController.h */,
				0441F89B1ED80DD800AE4A9B /* ViewController.m */,
				0441F89D1ED80DD800AE4A9B /* Main.storyboard */,
				0441F8A01ED80DD800AE4A9B /* Assets.xcassets */,
				0441F8A21ED80DD800AE4A9B /* LaunchScreen.storyboard */,
				0441F8A51ED80DD800AE4A9B /* Info.plist */,
				0441F8941ED80DD800AE4A9B /* Supporting Files */,
			);
			path = CFProtocolDispatcherDemo;
			sourceTree = "<group>";
		};
		0441F8941ED80DD800AE4A9B /* Supporting Files */ = {
			isa = PBXGroup;
			children = (
				0441F8951ED80DD800AE4A9B /* main.m */,
			);
			name = "Supporting Files";
			sourceTree = "<group>";
		};
		0441F8AD1ED80DD800AE4A9B /* CFProtocolDispatcherDemoTests */ = {
			isa = PBXGroup;
			children = (
				0441F8AE1ED80DD800AE4A9B /* CFProtocolDispatcherDemoTests.m */,
				0441F8B01ED80DD800AE4A9B /* Info.plist */,
			);
			path = CFProtocolDispatcherDemoTests;
			sourceTree = "<group>";
		};
		0441F8B81ED80DD800AE4A9B /* CFProtocolDispatcherDemoUITests */ = {
			isa = PBXGroup;
			children = (
				0441F8B91ED80DD800AE4A9B /* CFProtocolDispatcherDemoUITests.m */,
				0441F8BB1ED80DD800AE4A9B /* Info.plist */,
			);
			path = CFProtocolDispatcherDemoUITests;
			sourceTree = "<group>";
		};
/* End PBXGroup section */

/* Begin PBXNativeTarget section */
		0441F8901ED80DD800AE4A9B /* CFProtocolDispatcherDemo */ = {
			isa = PBXNativeTarget;
			buildConfigurationList = 0441F8BE1ED80DD800AE4A9B /* Build configuration list for PBXNativeTarget "CFProtocolDispatcherDemo" */;
			buildPhases = (
				0441F88D1ED80DD800AE4A9B /* Sources */,
				0441F88E1ED80DD800AE4A9B /* Frameworks */,
				0441F88F1ED80DD800AE4A9B /* Resources */,
			);
			buildRules = (
			);
			dependencies = (
			);
			name = CFProtocolDispatcherDemo;
			productName = CFProtocolDispatcherDemo;
			productReference = 0441F8911ED80DD800AE4A9B /* CFProtocolDispatcherDemo.app */;
			productType = "com.apple.product-type.application";
		};
		0441F8A91ED80DD800AE4A9B /* CFProtocolDispatcherDemoTests */ = {
			isa = PBXNativeTarget;
			buildConfigurationList = 0441F8C11ED80DD800AE4A9B /* Build configuration list for PBXNativeTarget "CFProtocolDispatcherDemoTests" */;
			buildPhases = (
				0441F8A61ED80DD800AE4A9B /* Sources */,
				0441F8A71ED80DD800AE4A9B /* Frameworks */,
				0441F8A81ED80DD800AE4A9B /* Resources */,
			);
			buildRules = (
			);
			dependencies = (
				0441F8AC1ED80DD800AE4A9B /* PBXTargetDependency */,
			);
			name = CFProtocolDispatcherDemoTests;
			productName = CFProtocolDispatcherDemoTests;
			productReference = 0441F8AA1ED80DD800AE4A9B /* CFProtocolDispatcherDemoTests.xctest */;
			productType = "com.apple.product-type.bundle.unit-test";
		};
		0441F8B41ED80DD800AE4A9B /* CFProtocolDispatcherDemoUITests */ = {
			isa = PBXNativeTarget;
			buildConfigurationList = 0441F8C41ED80DD800AE4A9B /* Build configuration list for PBXNativeTarget "CFProtocolDispatcherDemoUITests" */;
			buildPhases = (
				0441F8B11ED80DD800AE4A9B /* Sources */,
				0441F8B21ED80DD800AE4A9B /* Frameworks */,
				0441F8B31ED80DD800AE4A9B /* Resources */,
			);
			buildRules = (
			);
			dependencies = (
				0441F8B71ED80DD800AE4A9B /* PBXTargetDependency */,
			);
			name = CFProtocolDispatcherDemoUITests;
			productName = CFProtocolDispatcherDemoUITests;
			productReference = 0441F8B51ED80DD800AE4A9B /* CFProtocolDispatcherDemoUITests.xctest */;
			productType = "com.apple.product-type.bundle.ui-testing";
		};
/* End PBXNativeTarget section */

/* Begin PBXProject section */
		0441F8891ED80DD800AE4A9B /* Project object */ = {
			isa = PBXProject;
			attributes = {
				LastUpgradeCheck = 0830;
				ORGANIZATIONNAME = CityFire;
				TargetAttributes = {
					0441F8901ED80DD800AE4A9B = {
						CreatedOnToolsVersion = 8.3.2;
						ProvisioningStyle = Automatic;
					};
					0441F8A91ED80DD800AE4A9B = {
						CreatedOnToolsVersion = 8.3.2;
						ProvisioningStyle = Automatic;
						TestTargetID = 0441F8901ED80DD800AE4A9B;
					};
					0441F8B41ED80DD800AE4A9B = {
						CreatedOnToolsVersion = 8.3.2;
						ProvisioningStyle = Automatic;
						TestTargetID = 0441F8901ED80DD800AE4A9B;
					};
				};
			};
			buildConfigurationList = 0441F88C1ED80DD800AE4A9B /* Build configuration list for PBXProject "CFProtocolDispatcherDemo" */;
			compatibilityVersion = "Xcode 3.2";
			developmentRegion = English;
			hasScannedForEncodings = 0;
			knownRegions = (
				en,
				Base,
			);
			mainGroup = 0441F8881ED80DD800AE4A9B;
			productRefGroup = 0441F8921ED80DD800AE4A9B /* Products */;
			projectDirPath = "";
			projectRoot = "";
			targets = (
				0441F8901ED80DD800AE4A9B /* CFProtocolDispatcherDemo */,
				0441F8A91ED80DD800AE4A9B /* CFProtocolDispatcherDemoTests */,
				0441F8B41ED80DD800AE4A9B /* CFProtocolDispatcherDemoUITests */,
			);
		};
/* End PBXProject section */

/* Begin PBXResourcesBuildPhase section */
		0441F88F1ED80DD800AE4A9B /* Resources */ = {
			isa = PBXResourcesBuildPhase;
			buildActionMask = 2147483647;
			files = (
				0441F8A41ED80DD800AE4A9B /* LaunchScreen.storyboard in Resources */,
				0441F8A11ED80DD800AE4A9B /* Assets.xcassets in Resources */,
				0441F89F1ED80DD800AE4A9B /* Main.storyboard in Resources */,
			);
			runOnlyForDeploymentPostprocessing = 0;
		};
		0441F8A81ED80DD800AE4A9B /* Resources */ = {
			isa = PBXResourcesBuildPhase;
			buildActionMask = 2147483647;
			files = (
			);
			runOnlyForDeploymentPostprocessing = 0;
		};
		0441F8B31ED80DD800AE4A9B /* Resources */ = {
			isa = PBXResourcesBuildPhase;
			buildActionMask = 2147483647;
			files = (
			);
			runOnlyForDeploymentPostprocessing = 0;
		};
/* End PBXResourcesBuildPhase section */

/* Begin PBXSourcesBuildPhase section */
		0441F88D1ED80DD800AE4A9B /* Sources */ = {
			isa = PBXSourcesBuildPhase;
			buildActionMask = 2147483647;
			files = (
				0441F89C1ED80DD800AE4A9B /* ViewController.m in Sources */,
				0441F8991ED80DD800AE4A9B /* AppDelegate.m in Sources */,
				0441F8961ED80DD800AE4A9B /* main.m in Sources */,
			);
			runOnlyForDeploymentPostprocessing = 0;
		};
		0441F8A61ED80DD800AE4A9B /* Sources */ = {
			isa = PBXSourcesBuildPhase;
			buildActionMask = 2147483647;
			files = (
				0441F8AF1ED80DD800AE4A9B /* CFProtocolDispatcherDemoTests.m in Sources */,
			);
			runOnlyForDeploymentPostprocessing = 0;
		};
		0441F8B11ED80DD800AE4A9B /* Sources */ = {
			isa = PBXSourcesBuildPhase;
			buildActionMask = 2147483647;
			files = (
				0441F8BA1ED80DD800AE4A9B /* CFProtocolDispatcherDemoUITests.m in Sources */,
			);
			runOnlyForDeploymentPostprocessing = 0;
		};
/* End PBXSourcesBuildPhase section */

/* Begin PBXTargetDependency section */
		0441F8AC1ED80DD800AE4A9B /* PBXTargetDependency */ = {
			isa = PBXTargetDependency;
			target = 0441F8901ED80DD800AE4A9B /* CFProtocolDispatcherDemo */;
			targetProxy = 0441F8AB1ED80DD800AE4A9B /* PBXContainerItemProxy */;
		};
		0441F8B71ED80DD800AE4A9B /* PBXTargetDependency */ = {
			isa = PBXTargetDependency;
			target = 0441F8901ED80DD800AE4A9B /* CFProtocolDispatcherDemo */;
			targetProxy = 0441F8B61ED80DD800AE4A9B /* PBXContainerItemProxy */;
		};
/* End PBXTargetDependency section */

/* Begin PBXVariantGroup section */
		0441F89D1ED80DD800AE4A9B /* Main.storyboard */ = {
			isa = PBXVariantGroup;
			children = (
				0441F89E1ED80DD800AE4A9B /* Base */,
			);
			name = Main.storyboard;
			sourceTree = "<group>";
		};
		0441F8A21ED80DD800AE4A9B /* LaunchScreen.storyboard */ = {
			isa = PBXVariantGroup;
			children = (
				0441F8A31ED80DD800AE4A9B /* Base */,
			);
			name = LaunchScreen.storyboard;
			sourceTree = "<group>";
		};
/* End PBXVariantGroup section */

/* Begin XCBuildConfiguration section */
		0441F8BC1ED80DD800AE4A9B /* Debug */ = {
			isa = XCBuildConfiguration;
			buildSettings = {
				ALWAYS_SEARCH_USER_PATHS = NO;
				CLANG_ANALYZER_NONNULL = YES;
				CLANG_ANALYZER_NUMBER_OBJECT_CONVERSION = YES_AGGRESSIVE;
				CLANG_CXX_LANGUAGE_STANDARD = "gnu++0x";
				CLANG_CXX_LIBRARY = "libc++";
				CLANG_ENABLE_MODULES = YES;
				CLANG_ENABLE_OBJC_ARC = YES;
				CLANG_WARN_BOOL_CONVERSION = YES;
				CLANG_WARN_CONSTANT_CONVERSION = YES;
				CLANG_WARN_DIRECT_OBJC_ISA_USAGE = YES_ERROR;
				CLANG_WARN_DOCUMENTATION_COMMENTS = YES;
				CLANG_WARN_EMPTY_BODY = YES;
				CLANG_WARN_ENUM_CONVERSION = YES;
				CLANG_WARN_INFINITE_RECURSION = YES;
				CLANG_WARN_INT_CONVERSION = YES;
				CLANG_WARN_OBJC_ROOT_CLASS = YES_ERROR;
				CLANG_WARN_SUSPICIOUS_MOVE = YES;
				CLANG_WARN_UNREACHABLE_CODE = YES;
				CLANG_WARN__DUPLICATE_METHOD_MATCH = YES;
				"CODE_SIGN_IDENTITY[sdk=iphoneos*]" = "iPhone Developer";
				COPY_PHASE_STRIP = NO;
				DEBUG_INFORMATION_FORMAT = dwarf;
				ENABLE_STRICT_OBJC_MSGSEND = YES;
				ENABLE_TESTABILITY = YES;
				GCC_C_LANGUAGE_STANDARD = gnu99;
				GCC_DYNAMIC_NO_PIC = NO;
				GCC_NO_COMMON_BLOCKS = YES;
				GCC_OPTIMIZATION_LEVEL = 0;
				GCC_PREPROCESSOR_DEFINITIONS = (
					"DEBUG=1",
					"$(inherited)",
				);
				GCC_WARN_64_TO_32_BIT_CONVERSION = YES;
				GCC_WARN_ABOUT_RETURN_TYPE = YES_ERROR;
				GCC_WARN_UNDECLARED_SELECTOR = YES;
				GCC_WARN_UNINITIALIZED_AUTOS = YES_AGGRESSIVE;
				GCC_WARN_UNUSED_FUNCTION = YES;
				GCC_WARN_UNUSED_VARIABLE = YES;
				IPHONEOS_DEPLOYMENT_TARGET = 10.3;
				MTL_ENABLE_DEBUG_INFO = YES;
				ONLY_ACTIVE_ARCH = YES;
				SDKROOT = iphoneos;
				TARGETED_DEVICE_FAMILY = "1,2";
			};
			name = Debug;
		};
		0441F8BD1ED80DD800AE4A9B /* Release */ = {
			isa = XCBuildConfiguration;
			buildSettings = {
				ALWAYS_SEARCH_USER_PATHS = NO;
				CLANG_ANALYZER_NONNULL = YES;
				CLANG_ANALYZER_NUMBER_OBJECT_CONVERSION = YES_AGGRESSIVE;
				CLANG_CXX_LANGUAGE_STANDARD = "gnu++0x";
				CLANG_CXX_LIBRARY = "libc++";
				CLANG_ENABLE_MODULES = YES;
				CLANG_ENABLE_OBJC_ARC = YES;
				CLANG_WARN_BOOL_CONVERSION = YES;
				CLANG_WARN_CONSTANT_CONVERSION = YES;
				CLANG_WARN_DIRECT_OBJC_ISA_USAGE = YES_ERROR;
				CLANG_WARN_DOCUMENTATION_COMMENTS = YES;
				CLANG_WARN_EMPTY_BODY = YES;
				CLANG_WARN_ENUM_CONVERSION = YES;
				CLANG_WARN_INFINITE_RECURSION = YES;
				CLANG_WARN_INT_CONVERSION = YES;
				CLANG_WARN_OBJC_ROOT_CLASS = YES_ERROR;
				CLANG_WARN_SUSPICIOUS_MOVE = YES;
				CLANG_WARN_UNREACHABLE_CODE = YES;
				CLANG_WARN__DUPLICATE_METHOD_MATCH = YES;
				"CODE_SIGN_IDENTITY[sdk=iphoneos*]" = "iPhone Developer";
				COPY_PHASE_STRIP = NO;
				DEBUG_INFORMATION_FORMAT = "dwarf-with-dsym";
				ENABLE_NS_ASSERTIONS = NO;
				ENABLE_STRICT_OBJC_MSGSEND = YES;
				GCC_C_LANGUAGE_STANDARD = gnu99;
				GCC_NO_COMMON_BLOCKS = YES;
				GCC_WARN_64_TO_32_BIT_CONVERSION = YES;
				GCC_WARN_ABOUT_RETURN_TYPE = YES_ERROR;
				GCC_WARN_UNDECLARED_SELECTOR = YES;
				GCC_WARN_UNINITIALIZED_AUTOS = YES_AGGRESSIVE;
				GCC_WARN_UNUSED_FUNCTION = YES;
				GCC_WARN_UNUSED_VARIABLE = YES;
				IPHONEOS_DEPLOYMENT_TARGET = 10.3;
				MTL_ENABLE_DEBUG_INFO = NO;
				SDKROOT = iphoneos;
				TARGETED_DEVICE_FAMILY = "1,2";
				VALIDATE_PRODUCT = YES;
			};
			name = Release;
		};
		0441F8BF1ED80DD800AE4A9B /* Debug */ = {
			isa = XCBuildConfiguration;
			buildSettings = {
				ASSETCATALOG_COMPILER_APPICON_NAME = AppIcon;
				INFOPLIST_FILE = CFProtocolDispatcherDemo/Info.plist;
				LD_RUNPATH_SEARCH_PATHS = "$(inherited) @executable_path/Frameworks";
				PRODUCT_BUNDLE_IDENTIFIER = CityFire.CFProtocolDispatcherDemo;
				PRODUCT_NAME = "$(TARGET_NAME)";
			};
			name = Debug;
		};
		0441F8C01ED80DD800AE4A9B /* Release */ = {
			isa = XCBuildConfiguration;
			buildSettings = {
				ASSETCATALOG_COMPILER_APPICON_NAME = AppIcon;
				INFOPLIST_FILE = CFProtocolDispatcherDemo/Info.plist;
				LD_RUNPATH_SEARCH_PATHS = "$(inherited) @executable_path/Frameworks";
				PRODUCT_BUNDLE_IDENTIFIER = CityFire.CFProtocolDispatcherDemo;
				PRODUCT_NAME = "$(TARGET_NAME)";
			};
			name = Release;
		};
		0441F8C21ED80DD800AE4A9B /* Debug */ = {
			isa = XCBuildConfiguration;
			buildSettings = {
				BUNDLE_LOADER = "$(TEST_HOST)";
				INFOPLIST_FILE = CFProtocolDispatcherDemoTests/Info.plist;
				LD_RUNPATH_SEARCH_PATHS = "$(inherited) @executable_path/Frameworks @loader_path/Frameworks";
				PRODUCT_BUNDLE_IDENTIFIER = CityFire.CFProtocolDispatcherDemoTests;
				PRODUCT_NAME = "$(TARGET_NAME)";
				TEST_HOST = "$(BUILT_PRODUCTS_DIR)/CFProtocolDispatcherDemo.app/CFProtocolDispatcherDemo";
			};
			name = Debug;
		};
		0441F8C31ED80DD800AE4A9B /* Release */ = {
			isa = XCBuildConfiguration;
			buildSettings = {
				BUNDLE_LOADER = "$(TEST_HOST)";
				INFOPLIST_FILE = CFProtocolDispatcherDemoTests/Info.plist;
				LD_RUNPATH_SEARCH_PATHS = "$(inherited) @executable_path/Frameworks @loader_path/Frameworks";
				PRODUCT_BUNDLE_IDENTIFIER = CityFire.CFProtocolDispatcherDemoTests;
				PRODUCT_NAME = "$(TARGET_NAME)";
				TEST_HOST = "$(BUILT_PRODUCTS_DIR)/CFProtocolDispatcherDemo.app/CFProtocolDispatcherDemo";
			};
			name = Release;
		};
		0441F8C51ED80DD800AE4A9B /* Debug */ = {
			isa = XCBuildConfiguration;
			buildSettings = {
				INFOPLIST_FILE = CFProtocolDispatcherDemoUITests/Info.plist;
				LD_RUNPATH_SEARCH_PATHS = "$(inherited) @executable_path/Frameworks @loader_path/Frameworks";
				PRODUCT_BUNDLE_IDENTIFIER = CityFire.CFProtocolDispatcherDemoUITests;
				PRODUCT_NAME = "$(TARGET_NAME)";
				TEST_TARGET_NAME = CFProtocolDispatcherDemo;
			};
			name = Debug;
		};
		0441F8C61ED80DD800AE4A9B /* Release */ = {
			isa = XCBuildConfiguration;
			buildSettings = {
				INFOPLIST_FILE = CFProtocolDispatcherDemoUITests/Info.plist;
				LD_RUNPATH_SEARCH_PATHS = "$(inherited) @executable_path/Frameworks @loader_path/Frameworks";
				PRODUCT_BUNDLE_IDENTIFIER = CityFire.CFProtocolDispatcherDemoUITests;
				PRODUCT_NAME = "$(TARGET_NAME)";
				TEST_TARGET_NAME = CFProtocolDispatcherDemo;
			};
			name = Release;
		};
/* End XCBuildConfiguration section */

/* Begin XCConfigurationList section */
		0441F88C1ED80DD800AE4A9B /* Build configuration list for PBXProject "CFProtocolDispatcherDemo" */ = {
			isa = XCConfigurationList;
			buildConfigurations = (
				0441F8BC1ED80DD800AE4A9B /* Debug */,
				0441F8BD1ED80DD800AE4A9B /* Release */,
			);
			defaultConfigurationIsVisible = 0;
			defaultConfigurationName = Release;
		};
		0441F8BE1ED80DD800AE4A9B /* Build configuration list for PBXNativeTarget "CFProtocolDispatcherDemo" */ = {
			isa = XCConfigurationList;
			buildConfigurations = (
				0441F8BF1ED80DD800AE4A9B /* Debug */,
				0441F8C01ED80DD800AE4A9B /* Release */,
			);
			defaultConfigurationIsVisible = 0;
		};
		0441F8C11ED80DD800AE4A9B /* Build configuration list for PBXNativeTarget "CFProtocolDispatcherDemoTests" */ = {
			isa = XCConfigurationList;
			buildConfigurations = (
				0441F8C21ED80DD800AE4A9B /* Debug */,
				0441F8C31ED80DD800AE4A9B /* Release */,
			);
			defaultConfigurationIsVisible = 0;
		};
		0441F8C41ED80DD800AE4A9B /* Build configuration list for PBXNativeTarget "CFProtocolDispatcherDemoUITests" */ = {
			isa = XCConfigurationList;
			buildConfigurations = (
				0441F8C51ED80DD800AE4A9B /* Debug */,
				0441F8C61ED80DD800AE4A9B /* Release */,
			);
			defaultConfigurationIsVisible = 0;
		};
/* End XCConfigurationList section */
	};
	rootObject = 0441F8891ED80DD800AE4A9B /* Project object */;
}
